
Microsoft Visual Studio Solution File, Format Version 12.00
# Visual Studio 15
VisualStudioVersion = 15.0.26730.15
MinimumVisualStudioVersion = 10.0.40219.1
Project("{FAE04EC0-301F-11D3-BF4B-00C04F79EFBC}") = "GE64SaveEditor", "GE64SaveEditor\GE64SaveEditor.csproj", "{9834505D-C50E-4B48-AA6A-C0948E74D590}"
EndProject
Global
	GlobalSection(SolutionConfigurationPlatforms) = preSolution
		Debug|Any CPU = Debug|Any CPU
		Release|Any CPU = Release|Any CPU
	EndGlobalSection
	GlobalSection(ProjectConfigurationPlatforms) = postSolution
		{9834505D-C50E-4B48-AA6A-C0948E74D590}.Debug|Any CPU.ActiveCfg = Debug|Any CPU
		{9834505D-C50E-4B48-AA6A-C0948E74D590}.Debug|Any CPU.Build.0 = Debug|Any CPU
		{9834505D-C50E-4B48-AA6A-C0948E74D590}.Release|Any CPU.ActiveCfg = Release|Any CPU
		{9834505D-C50E-4B48-AA6A-C0948E74D590}.Release|Any CPU.Build.0 = Release|Any CPU
	EndGlobalSection
	GlobalSection(SolutionProperties) = preSolution
		HideSolutionNode = FALSE
	EndGlobalSection
	GlobalSection(ExtensibilityGlobals) = postSolution
		SolutionGuid = {87FE114F-7396-4A2A-86FE-65DEBAECB474}
	EndGlobalSection
EndGlobal
